
Microsoft Visual Studio Solution File, Format Version 12.00
# Visual Studio Version 17
VisualStudioVersion = 17.9.34714.143
MinimumVisualStudioVersion = 10.0.40219.1
Project("{FAE04EC0-301F-11D3-BF4B-00C04F79EFBC}") = "DesktopStreamingServer", "HomeWork7\DesktopStreamingServer.csproj", "{32F94A00-0DBC-4B21-9781-44FF2C0D1321}"
EndProject
Project("{FAE04EC0-301F-11D3-BF4B-00C04F79EFBC}") = "DesktopStreamingClient", "DesktopStreamingClient\DesktopStreamingClient.csproj", "{E98F1239-5530-402D-9C24-E61FC992FD3B}"
EndProject
Global
	GlobalSection(SolutionConfigurationPlatforms) = preSolution
		Debug|Any CPU = Debug|Any CPU
		Release|Any CPU = Release|Any CPU
	EndGlobalSection
	GlobalSection(ProjectConfigurationPlatforms) = postSolution
		{32F94A00-0DBC-4B21-9781-44FF2C0D1321}.Debug|Any CPU.ActiveCfg = Debug|Any CPU
		{32F94A00-0DBC-4B21-9781-44FF2C0D1321}.Debug|Any CPU.Build.0 = Debug|Any CPU
		{32F94A00-0DBC-4B21-9781-44FF2C0D1321}.Release|Any CPU.ActiveCfg = Release|Any CPU
		{32F94A00-0DBC-4B21-9781-44FF2C0D1321}.Release|Any CPU.Build.0 = Release|Any CPU
		{E98F1239-5530-402D-9C24-E61FC992FD3B}.Debug|Any CPU.ActiveCfg = Debug|Any CPU
		{E98F1239-5530-402D-9C24-E61FC992FD3B}.Debug|Any CPU.Build.0 = Debug|Any CPU
		{E98F1239-5530-402D-9C24-E61FC992FD3B}.Release|Any CPU.ActiveCfg = Release|Any CPU
		{E98F1239-5530-402D-9C24-E61FC992FD3B}.Release|Any CPU.Build.0 = Release|Any CPU
	EndGlobalSection
	GlobalSection(SolutionProperties) = preSolution
		HideSolutionNode = FALSE
	EndGlobalSection
	GlobalSection(ExtensibilityGlobals) = postSolution
		SolutionGuid = {5117F707-AA73-4557-AEB6-A4EBE51C785E}
	EndGlobalSection
EndGlobal
